
Microsoft Visual Studio Solution File, Format Version 12.00
# Visual Studio Version 17
VisualStudioVersion = 17.13.35818.85 d17.13
MinimumVisualStudioVersion = 10.0.40219.1
Project("{FAE04EC0-301F-11D3-BF4B-00C04F79EFBC}") = "HibaVonal", "HibaVonal\HibaVonal.csproj", "{5E302631-EB26-48D2-BF27-29209A9B4723}"
EndProject
Project("{FAE04EC0-301F-11D3-BF4B-00C04F79EFBC}") = "HibaVonal.DataContext", "HibaVonal.DataContext\HibaVonal.DataContext.csproj", "{464F1B27-1135-4D22-B1AC-2D6FFA8B57CF}"
EndProject
Project("{FAE04EC0-301F-11D3-BF4B-00C04F79EFBC}") = "HibaVonal.Services", "HibaVonal.Services\HibaVonal.Services.csproj", "{9501B2A1-40CB-4BDA-B836-102E8BEB443A}"
EndProject
Global
	GlobalSection(SolutionConfigurationPlatforms) = preSolution
		Debug|Any CPU = Debug|Any CPU
		Release|Any CPU = Release|Any CPU
	EndGlobalSection
	GlobalSection(ProjectConfigurationPlatforms) = postSolution
		{5E302631-EB26-48D2-BF27-29209A9B4723}.Debug|Any CPU.ActiveCfg = Debug|Any CPU
		{5E302631-EB26-48D2-BF27-29209A9B4723}.Debug|Any CPU.Build.0 = Debug|Any CPU
		{5E302631-EB26-48D2-BF27-29209A9B4723}.Release|Any CPU.ActiveCfg = Release|Any CPU
		{5E302631-EB26-48D2-BF27-29209A9B4723}.Release|Any CPU.Build.0 = Release|Any CPU
		{464F1B27-1135-4D22-B1AC-2D6FFA8B57CF}.Debug|Any CPU.ActiveCfg = Debug|Any CPU
		{464F1B27-1135-4D22-B1AC-2D6FFA8B57CF}.Debug|Any CPU.Build.0 = Debug|Any CPU
		{464F1B27-1135-4D22-B1AC-2D6FFA8B57CF}.Release|Any CPU.ActiveCfg = Release|Any CPU
		{464F1B27-1135-4D22-B1AC-2D6FFA8B57CF}.Release|Any CPU.Build.0 = Release|Any CPU
		{9501B2A1-40CB-4BDA-B836-102E8BEB443A}.Debug|Any CPU.ActiveCfg = Debug|Any CPU
		{9501B2A1-40CB-4BDA-B836-102E8BEB443A}.Debug|Any CPU.Build.0 = Debug|Any CPU
		{9501B2A1-40CB-4BDA-B836-102E8BEB443A}.Release|Any CPU.ActiveCfg = Release|Any CPU
		{9501B2A1-40CB-4BDA-B836-102E8BEB443A}.Release|Any CPU.Build.0 = Release|Any CPU
	EndGlobalSection
	GlobalSection(SolutionProperties) = preSolution
		HideSolutionNode = FALSE
	EndGlobalSection
	GlobalSection(ExtensibilityGlobals) = postSolution
		SolutionGuid = {381E3513-5F7F-426E-935F-0723BEA79FDD}
	EndGlobalSection
EndGlobal
